
Microsoft Visual Studio Solution File, Format Version 12.00
# Visual Studio Version 17
VisualStudioVersion = 17.0.32014.148
MinimumVisualStudioVersion = 10.0.40219.1
Project("{FAE04EC0-301F-11D3-BF4B-00C04F79EFBC}") = "GallaryWPF", "GallaryWPF\GallaryWPF.csproj", "{0BFAB420-F592-4DC3-9A9A-E39C81F26D59}"
EndProject
Global
	GlobalSection(SolutionConfigurationPlatforms) = preSolution
		Debug|Any CPU = Debug|Any CPU
		Release|Any CPU = Release|Any CPU
	EndGlobalSection
	GlobalSection(ProjectConfigurationPlatforms) = postSolution
		{0BFAB420-F592-4DC3-9A9A-E39C81F26D59}.Debug|Any CPU.ActiveCfg = Debug|Any CPU
		{0BFAB420-F592-4DC3-9A9A-E39C81F26D59}.Debug|Any CPU.Build.0 = Debug|Any CPU
		{0BFAB420-F592-4DC3-9A9A-E39C81F26D59}.Release|Any CPU.ActiveCfg = Release|Any CPU
		{0BFAB420-F592-4DC3-9A9A-E39C81F26D59}.Release|Any CPU.Build.0 = Release|Any CPU
	EndGlobalSection
	GlobalSection(SolutionProperties) = preSolution
		HideSolutionNode = FALSE
	EndGlobalSection
	GlobalSection(ExtensibilityGlobals) = postSolution
		SolutionGuid = {5DD4A9FD-1A0C-48B2-9656-C30F49419ABB}
	EndGlobalSection
EndGlobal
